<?xml version="1.0" encoding="utf-8"?>
<Project ToolsVersion="4.0" xmlns="http://schemas.microsoft.com/developer/msbuild/2003">
  <ItemGroup>
    <Filter Include="Source Files">
      <UniqueIdentifier>{4FC737F1-C7A5-4376-A066-2A32D752A2FF}</UniqueIdentifier>
      <Extensions>cpp;c;cc;cxx;def;odl;idl;hpj;bat;asm;asmx</Extensions>
    </Filter>
    <Filter Include="Header Files">
      <UniqueIdentifier>{93995380-89BD-4b04-88EB-625FBE52EBFB}</UniqueIdentifier>
      <Extensions>h;hh;hpp;hxx;hm;inl;inc;xsd</Extensions>
    </Filter>
    <Filter Include="Resource Files">
      <UniqueIdentifier>{67DA6AB6-F800-4c08-8B7A-83BB121AAD01}</UniqueIdentifier>
      <Extensions>rc;ico;cur;bmp;dlg;rc2;rct;bin;rgs;gif;jpg;jpeg;jpe;resx;tiff;tif;png;wav;mfcribbon-ms</Extensions>
    </Filter>
  </ItemGroup>
  <ItemGroup>
    <Text Include="readme.txt" />
  </ItemGroup>
  <ItemGroup>
    <ClCompile Include="src\main.cpp">
      <Filter>Source Files</Filter>
    </ClCompile>
    <ClCompile Include="lib\core_134\analog.c">
      <Filter>Source Files</Filter>
    </ClCompile>
    <ClCompile Include="lib\core_134\AudioStream.cpp">
      <Filter>Source Files</Filter>
    </ClCompile>
    <ClCompile Include="lib\core_134\avr_emulation.cpp">
      <Filter>Source Files</Filter>
    </ClCompile>
    <ClCompile Include="lib\core_134\DMAChannel.cpp">
      <Filter>Source Files</Filter>
    </ClCompile>
    <ClCompile Include="lib\core_134\eeprom.c">
      <Filter>Source Files</Filter>
    </ClCompile>
    <ClCompile Include="lib\core_134\HardwareSerial1.cpp">
      <Filter>Source Files</Filter>
    </ClCompile>
    <ClCompile Include="lib\core_134\HardwareSerial2.cpp">
      <Filter>Source Files</Filter>
    </ClCompile>
    <ClCompile Include="lib\core_134\HardwareSerial3.cpp">
      <Filter>Source Files</Filter>
    </ClCompile>
    <ClCompile Include="lib\core_134\HardwareSerial4.cpp">
      <Filter>Source Files</Filter>
    </ClCompile>
    <ClCompile Include="lib\core_134\HardwareSerial5.cpp">
      <Filter>Source Files</Filter>
    </ClCompile>
    <ClCompile Include="lib\core_134\HardwareSerial6.cpp">
      <Filter>Source Files</Filter>
    </ClCompile>
    <ClCompile Include="lib\core_134\IntervalTimer.cpp">
      <Filter>Source Files</Filter>
    </ClCompile>
    <ClCompile Include="lib\core_134\IPAddress.cpp">
      <Filter>Source Files</Filter>
    </ClCompile>
    <ClCompile Include="lib\core_134\keylayouts.c">
      <Filter>Source Files</Filter>
    </ClCompile>
    <ClCompile Include="lib\core_134\main.cpp">
      <Filter>Source Files</Filter>
    </ClCompile>
    <ClCompile Include="lib\core_134\math_helper.c">
      <Filter>Source Files</Filter>
    </ClCompile>
    <ClCompile Include="lib\core_134\mk20dx128.c">
      <Filter>Source Files</Filter>
    </ClCompile>
    <ClCompile Include="lib\core_134\new.cpp">
      <Filter>Source Files</Filter>
    </ClCompile>
    <ClCompile Include="lib\core_134\nonstd.c">
      <Filter>Source Files</Filter>
    </ClCompile>
    <ClCompile Include="lib\core_134\pins_teensy.c">
      <Filter>Source Files</Filter>
    </ClCompile>
    <ClCompile Include="lib\core_134\Print.cpp">
      <Filter>Source Files</Filter>
    </ClCompile>
    <ClCompile Include="lib\core_134\ser_print.c">
      <Filter>Source Files</Filter>
    </ClCompile>
    <ClCompile Include="lib\core_134\serial1.c">
      <Filter>Source Files</Filter>
    </ClCompile>
    <ClCompile Include="lib\core_134\serial2.c">
      <Filter>Source Files</Filter>
    </ClCompile>
    <ClCompile Include="lib\core_134\serial3.c">
      <Filter>Source Files</Filter>
    </ClCompile>
    <ClCompile Include="lib\core_134\serial4.c">
      <Filter>Source Files</Filter>
    </ClCompile>
    <ClCompile Include="lib\core_134\serial5.c">
      <Filter>Source Files</Filter>
    </ClCompile>
    <ClCompile Include="lib\core_134\serial6.c">
      <Filter>Source Files</Filter>
    </ClCompile>
    <ClCompile Include="lib\core_134\serial6_lpuart.c">
      <Filter>Source Files</Filter>
    </ClCompile>
    <ClCompile Include="lib\core_134\Stream.cpp">
      <Filter>Source Files</Filter>
    </ClCompile>
    <ClCompile Include="lib\core_134\Tone.cpp">
      <Filter>Source Files</Filter>
    </ClCompile>
    <ClCompile Include="lib\core_134\touch.c">
      <Filter>Source Files</Filter>
    </ClCompile>
    <ClCompile Include="lib\core_134\usb_audio.cpp">
      <Filter>Source Files</Filter>
    </ClCompile>
    <ClCompile Include="lib\core_134\usb_desc.c">
      <Filter>Source Files</Filter>
    </ClCompile>
    <ClCompile Include="lib\core_134\usb_dev.c">
      <Filter>Source Files</Filter>
    </ClCompile>
    <ClCompile Include="lib\core_134\usb_flightsim.cpp">
      <Filter>Source Files</Filter>
    </ClCompile>
    <ClCompile Include="lib\core_134\usb_inst.cpp">
      <Filter>Source Files</Filter>
    </ClCompile>
    <ClCompile Include="lib\core_134\usb_joystick.c">
      <Filter>Source Files</Filter>
    </ClCompile>
    <ClCompile Include="lib\core_134\usb_keyboard.c">
      <Filter>Source Files</Filter>
    </ClCompile>
    <ClCompile Include="lib\core_134\usb_mem.c">
      <Filter>Source Files</Filter>
    </ClCompile>
    <ClCompile Include="lib\core_134\usb_midi.c">
      <Filter>Source Files</Filter>
    </ClCompile>
    <ClCompile Include="lib\core_134\usb_mouse.c">
      <Filter>Source Files</Filter>
    </ClCompile>
    <ClCompile Include="lib\core_134\usb_mtp.c">
      <Filter>Source Files</Filter>
    </ClCompile>
    <ClCompile Include="lib\core_134\usb_rawhid.c">
      <Filter>Source Files</Filter>
    </ClCompile>
    <ClCompile Include="lib\core_134\usb_seremu.c">
      <Filter>Source Files</Filter>
    </ClCompile>
    <ClCompile Include="lib\core_134\usb_serial.c">
      <Filter>Source Files</Filter>
    </ClCompile>
    <ClCompile Include="lib\core_134\usb_touch.c">
      <Filter>Source Files</Filter>
    </ClCompile>
    <ClCompile Include="lib\core_134\WMath.cpp">
      <Filter>Source Files</Filter>
    </ClCompile>
    <ClCompile Include="lib\core_134\WString.cpp">
      <Filter>Source Files</Filter>
    </ClCompile>
    <ClCompile Include="lib\core_134\yield.cpp">
      <Filter>Source Files</Filter>
    </ClCompile>
  </ItemGroup>
  <ItemGroup>
    <None Include="makefile" />
    <None Include="lib\core_134\mk20dx128.ld" />
    <None Include="lib\core_134\mk20dx256.ld" />
    <None Include="lib\core_134\mk64fx512.ld" />
    <None Include="lib\core_134\mk66fx1m0.ld" />
    <None Include="lib\core_134\mkl26z64.ld" />
    <None Include="toolchain\libiconv2.dll" />
    <None Include="toolchain\libintl3.dll" />
    <None Include="toolchain\regex2.dll" />
    <None Include="toolchain\sed.exe" />
    <None Include="lib\core_134\memcpy-armv7m.S" />
    <None Include="lib\core_134\memset.S" />
    <None Include="lib\core_134\Makefile" />
  </ItemGroup>
  <ItemGroup>
    <ClInclude Include="lib\core_134\avr\eeprom.h">
      <Filter>Header Files</Filter>
    </ClInclude>
    <ClInclude Include="lib\core_134\avr\interrupt.h">
      <Filter>Header Files</Filter>
    </ClInclude>
    <ClInclude Include="lib\core_134\avr\io.h">
      <Filter>Header Files</Filter>
    </ClInclude>
    <ClInclude Include="lib\core_134\avr\pgmspace.h">
      <Filter>Header Files</Filter>
    </ClInclude>
    <ClInclude Include="lib\core_134\avr\power.h">
      <Filter>Header Files</Filter>
    </ClInclude>
    <ClInclude Include="lib\core_134\avr\sleep.h">
      <Filter>Header Files</Filter>
    </ClInclude>
    <ClInclude Include="lib\core_134\avr\wdt.h">
      <Filter>Header Files</Filter>
    </ClInclude>
    <ClInclude Include="lib\core_134\util\atomic.h">
      <Filter>Header Files</Filter>
    </ClInclude>
    <ClInclude Include="lib\core_134\util\crc16.h">
      <Filter>Header Files</Filter>
    </ClInclude>
    <ClInclude Include="lib\core_134\util\delay.h">
      <Filter>Header Files</Filter>
    </ClInclude>
    <ClInclude Include="lib\core_134\util\parity.h">
      <Filter>Header Files</Filter>
    </ClInclude>
    <ClInclude Include="lib\core_134\Arduino.h">
      <Filter>Header Files</Filter>
    </ClInclude>
    <ClInclude Include="lib\core_134\arm_common_tables.h">
      <Filter>Header Files</Filter>
    </ClInclude>
    <ClInclude Include="lib\core_134\arm_math.h">
      <Filter>Header Files</Filter>
    </ClInclude>
    <ClInclude Include="lib\core_134\AudioStream.h">
      <Filter>Header Files</Filter>
    </ClInclude>
    <ClInclude Include="lib\core_134\avr_emulation.h">
      <Filter>Header Files</Filter>
    </ClInclude>
    <ClInclude Include="lib\core_134\avr_functions.h">
      <Filter>Header Files</Filter>
    </ClInclude>
    <ClInclude Include="lib\core_134\binary.h">
      <Filter>Header Files</Filter>
    </ClInclude>
    <ClInclude Include="lib\core_134\Client.h">
      <Filter>Header Files</Filter>
    </ClInclude>
    <ClInclude Include="lib\core_134\core_cm4.h">
      <Filter>Header Files</Filter>
    </ClInclude>
    <ClInclude Include="lib\core_134\core_cm4_simd.h">
      <Filter>Header Files</Filter>
    </ClInclude>
    <ClInclude Include="lib\core_134\core_cmInstr.h">
      <Filter>Header Files</Filter>
    </ClInclude>
    <ClInclude Include="lib\core_134\core_id.h">
      <Filter>Header Files</Filter>
    </ClInclude>
    <ClInclude Include="lib\core_134\core_pins.h">
      <Filter>Header Files</Filter>
    </ClInclude>
    <ClInclude Include="lib\core_134\DMAChannel.h">
      <Filter>Header Files</Filter>
    </ClInclude>
    <ClInclude Include="lib\core_134\elapsedMillis.h">
      <Filter>Header Files</Filter>
    </ClInclude>
    <ClInclude Include="lib\core_134\HardwareSerial.h">
      <Filter>Header Files</Filter>
    </ClInclude>
    <ClInclude Include="lib\core_134\IntervalTimer.h">
      <Filter>Header Files</Filter>
    </ClInclude>
    <ClInclude Include="lib\core_134\IPAddress.h">
      <Filter>Header Files</Filter>
    </ClInclude>
    <ClInclude Include="lib\core_134\keylayouts.h">
      <Filter>Header Files</Filter>
    </ClInclude>
    <ClInclude Include="lib\core_134\kinetis.h">
      <Filter>Header Files</Filter>
    </ClInclude>
    <ClInclude Include="lib\core_134\math_helper.h">
      <Filter>Header Files</Filter>
    </ClInclude>
    <ClInclude Include="lib\core_134\mk20dx128.h">
      <Filter>Header Files</Filter>
    </ClInclude>
    <ClInclude Include="lib\core_134\new.h">
      <Filter>Header Files</Filter>
    </ClInclude>
    <ClInclude Include="lib\core_134\pins_arduino.h">
      <Filter>Header Files</Filter>
    </ClInclude>
    <ClInclude Include="lib\core_134\Print.h">
      <Filter>Header Files</Filter>
    </ClInclude>
    <ClInclude Include="lib\core_134\Printable.h">
      <Filter>Header Files</Filter>
    </ClInclude>
    <ClInclude Include="lib\core_134\ser_print.h">
      <Filter>Header Files</Filter>
    </ClInclude>
    <ClInclude Include="lib\core_134\Server.h">
      <Filter>Header Files</Filter>
    </ClInclude>
    <ClInclude Include="lib\core_134\SPIFIFO.h">
      <Filter>Header Files</Filter>
    </ClInclude>
    <ClInclude Include="lib\core_134\Stream.h">
      <Filter>Header Files</Filter>
    </ClInclude>
    <ClInclude Include="lib\core_134\Udp.h">
      <Filter>Header Files</Filter>
    </ClInclude>
    <ClInclude Include="lib\core_134\usb_audio.h">
      <Filter>Header Files</Filter>
    </ClInclude>
    <ClInclude Include="lib\core_134\usb_desc.h">
      <Filter>Header Files</Filter>
    </ClInclude>
    <ClInclude Include="lib\core_134\usb_dev.h">
      <Filter>Header Files</Filter>
    </ClInclude>
    <ClInclude Include="lib\core_134\usb_flightsim.h">
      <Filter>Header Files</Filter>
    </ClInclude>
    <ClInclude Include="lib\core_134\usb_joystick.h">
      <Filter>Header Files</Filter>
    </ClInclude>
    <ClInclude Include="lib\core_134\usb_keyboard.h">
      <Filter>Header Files</Filter>
    </ClInclude>
    <ClInclude Include="lib\core_134\usb_mem.h">
      <Filter>Header Files</Filter>
    </ClInclude>
    <ClInclude Include="lib\core_134\usb_midi.h">
      <Filter>Header Files</Filter>
    </ClInclude>
    <ClInclude Include="lib\core_134\usb_mouse.h">
      <Filter>Header Files</Filter>
    </ClInclude>
    <ClInclude Include="lib\core_134\usb_mtp.h">
      <Filter>Header Files</Filter>
    </ClInclude>
    <ClInclude Include="lib\core_134\usb_names.h">
      <Filter>Header Files</Filter>
    </ClInclude>
    <ClInclude Include="lib\core_134\usb_rawhid.h">
      <Filter>Header Files</Filter>
    </ClInclude>
    <ClInclude Include="lib\core_134\usb_seremu.h">
      <Filter>Header Files</Filter>
    </ClInclude>
    <ClInclude Include="lib\core_134\usb_serial.h">
      <Filter>Header Files</Filter>
    </ClInclude>
    <ClInclude Include="lib\core_134\usb_touch.h">
      <Filter>Header Files</Filter>
    </ClInclude>
    <ClInclude Include="lib\core_134\usb_undef.h">
      <Filter>Header Files</Filter>
    </ClInclude>
    <ClInclude Include="lib\core_134\WCharacter.h">
      <Filter>Header Files</Filter>
    </ClInclude>
    <ClInclude Include="lib\core_134\WConstants.h">
      <Filter>Header Files</Filter>
    </ClInclude>
    <ClInclude Include="lib\core_134\wiring.h">
      <Filter>Header Files</Filter>
    </ClInclude>
    <ClInclude Include="lib\core_134\wiring_private.h">
      <Filter>Header Files</Filter>
    </ClInclude>
    <ClInclude Include="lib\core_134\WProgram.h">
      <Filter>Header Files</Filter>
    </ClInclude>
    <ClInclude Include="lib\core_134\WString.h">
      <Filter>Header Files</Filter>
    </ClInclude>
  </ItemGroup>
</Project>